
Microsoft Visual Studio Solution File, Format Version 12.00
# Visual Studio 15
VisualStudioVersion = 15.0.27130.0
MinimumVisualStudioVersion = 10.0.40219.1
Project("{9A19103F-16F7-4668-BE54-9A1E7A4F7556}") = "ConditionalStatements", "Drills\ConditionalStatements.csproj", "{B7306025-3189-4625-8AB4-4DB1AEE749A1}"
EndProject
Global
	GlobalSection(SolutionConfigurationPlatforms) = preSolution
		Debug|Any CPU = Debug|Any CPU
		Release|Any CPU = Release|Any CPU
	EndGlobalSection
	GlobalSection(ProjectConfigurationPlatforms) = postSolution
		{B7306025-3189-4625-8AB4-4DB1AEE749A1}.Debug|Any CPU.ActiveCfg = Debug|Any CPU
		{B7306025-3189-4625-8AB4-4DB1AEE749A1}.Debug|Any CPU.Build.0 = Debug|Any CPU
		{B7306025-3189-4625-8AB4-4DB1AEE749A1}.Release|Any CPU.ActiveCfg = Release|Any CPU
		{B7306025-3189-4625-8AB4-4DB1AEE749A1}.Release|Any CPU.Build.0 = Release|Any CPU
	EndGlobalSection
	GlobalSection(SolutionProperties) = preSolution
		HideSolutionNode = FALSE
	EndGlobalSection
	GlobalSection(ExtensibilityGlobals) = postSolution
		SolutionGuid = {018E9816-DFD1-4BD2-9026-AD0F81B3BF95}
	EndGlobalSection
EndGlobal
