
Microsoft Visual Studio Solution File, Format Version 12.00
# Visual Studio 15
VisualStudioVersion = 15.0.27130.0
MinimumVisualStudioVersion = 10.0.40219.1
Project("{FAE04EC0-301F-11D3-BF4B-00C04F79EFBC}") = "NotePad", "NotePad\NotePad.csproj", "{D53AFBCD-B614-4A3A-9AAE-9BEFC9B1FBBD}"
EndProject
Global
	GlobalSection(SolutionConfigurationPlatforms) = preSolution
		Debug|Any CPU = Debug|Any CPU
		Release|Any CPU = Release|Any CPU
	EndGlobalSection
	GlobalSection(ProjectConfigurationPlatforms) = postSolution
		{D53AFBCD-B614-4A3A-9AAE-9BEFC9B1FBBD}.Debug|Any CPU.ActiveCfg = Debug|Any CPU
		{D53AFBCD-B614-4A3A-9AAE-9BEFC9B1FBBD}.Debug|Any CPU.Build.0 = Debug|Any CPU
		{D53AFBCD-B614-4A3A-9AAE-9BEFC9B1FBBD}.Release|Any CPU.ActiveCfg = Release|Any CPU
		{D53AFBCD-B614-4A3A-9AAE-9BEFC9B1FBBD}.Release|Any CPU.Build.0 = Release|Any CPU
	EndGlobalSection
	GlobalSection(SolutionProperties) = preSolution
		HideSolutionNode = FALSE
	EndGlobalSection
	GlobalSection(ExtensibilityGlobals) = postSolution
		SolutionGuid = {5A5BC6C6-9FD3-4AD0-B586-7268387D4668}
	EndGlobalSection
EndGlobal
