
Microsoft Visual Studio Solution File, Format Version 12.00
# Visual Studio 15
VisualStudioVersion = 15.0.27130.0
MinimumVisualStudioVersion = 10.0.40219.1
Project("{FAE04EC0-301F-11D3-BF4B-00C04F79EFBC}") = "ScreenSaver", "ScreenSaver\ScreenSaver.csproj", "{BEEADE0D-3FFA-4A65-B4CC-59D2D2729A91}"
EndProject
Global
	GlobalSection(SolutionConfigurationPlatforms) = preSolution
		Debug|Any CPU = Debug|Any CPU
		Release|Any CPU = Release|Any CPU
	EndGlobalSection
	GlobalSection(ProjectConfigurationPlatforms) = postSolution
		{BEEADE0D-3FFA-4A65-B4CC-59D2D2729A91}.Debug|Any CPU.ActiveCfg = Debug|Any CPU
		{BEEADE0D-3FFA-4A65-B4CC-59D2D2729A91}.Debug|Any CPU.Build.0 = Debug|Any CPU
		{BEEADE0D-3FFA-4A65-B4CC-59D2D2729A91}.Release|Any CPU.ActiveCfg = Release|Any CPU
		{BEEADE0D-3FFA-4A65-B4CC-59D2D2729A91}.Release|Any CPU.Build.0 = Release|Any CPU
	EndGlobalSection
	GlobalSection(SolutionProperties) = preSolution
		HideSolutionNode = FALSE
	EndGlobalSection
	GlobalSection(ExtensibilityGlobals) = postSolution
		SolutionGuid = {731DB21D-26D3-4F73-B4E0-EB7B83804B16}
	EndGlobalSection
EndGlobal
